
Microsoft Visual Studio Solution File, Format Version 12.00
# Visual Studio Version 16
VisualStudioVersion = 16.0.31729.503
MinimumVisualStudioVersion = 10.0.40219.1
Project("{8BC9CEB8-8B4A-11D0-8D11-00A0C91BC942}") = "Do while Sum of 20 to 25", "Do while Sum of 20 to 25.vcxproj", "{B467C49B-0D8F-4A88-9830-6E1846141CFE}"
EndProject
Global
	GlobalSection(SolutionConfigurationPlatforms) = preSolution
		Debug|x64 = Debug|x64
		Debug|x86 = Debug|x86
		Release|x64 = Release|x64
		Release|x86 = Release|x86
	EndGlobalSection
	GlobalSection(ProjectConfigurationPlatforms) = postSolution
		{B467C49B-0D8F-4A88-9830-6E1846141CFE}.Debug|x64.ActiveCfg = Debug|x64
		{B467C49B-0D8F-4A88-9830-6E1846141CFE}.Debug|x64.Build.0 = Debug|x64
		{B467C49B-0D8F-4A88-9830-6E1846141CFE}.Debug|x86.ActiveCfg = Debug|Win32
		{B467C49B-0D8F-4A88-9830-6E1846141CFE}.Debug|x86.Build.0 = Debug|Win32
		{B467C49B-0D8F-4A88-9830-6E1846141CFE}.Release|x64.ActiveCfg = Release|x64
		{B467C49B-0D8F-4A88-9830-6E1846141CFE}.Release|x64.Build.0 = Release|x64
		{B467C49B-0D8F-4A88-9830-6E1846141CFE}.Release|x86.ActiveCfg = Release|Win32
		{B467C49B-0D8F-4A88-9830-6E1846141CFE}.Release|x86.Build.0 = Release|Win32
	EndGlobalSection
	GlobalSection(SolutionProperties) = preSolution
		HideSolutionNode = FALSE
	EndGlobalSection
	GlobalSection(ExtensibilityGlobals) = postSolution
		SolutionGuid = {142BB46D-3FCF-4CDB-A5C8-3B13DC542F8E}
	EndGlobalSection
EndGlobal
